{
  "nodes": {
    "dotfiles": {
      "inputs": {
        "flake-utils": [
          "flake-utils"
        ],
        "home-manager": [
          "home-manager"
        ],
        "nixpkgs": [
          "nixpkgs"
        ],
        "nixpkgs-unstable": [
          "nixpkgs-unstable"
        ]
      },
      "locked": {
        "lastModified": 1679218749,
        "narHash": "sha256-8TPjYLNAHbsY49lc3TDJnVF/6R1rC11yohzDoAAZKAQ=",
        "owner": "kinnison",
        "repo": "dotfiles",
        "rev": "6bcb673ba903a3fefcee49eb3b1f90b3fddee499",
        "type": "github"
      },
      "original": {
        "owner": "kinnison",
        "repo": "dotfiles",
        "type": "github"
      }
    },
    "flake-utils": {
      "locked": {
        "lastModified": 1678901627,
        "narHash": "sha256-U02riOqrKKzwjsxc/400XnElV+UtPUQWpANPlyazjH0=",
        "owner": "numtide",
        "repo": "flake-utils",
        "rev": "93a2b84fc4b70d9e089d029deacc3583435c2ed6",
        "type": "github"
      },
      "original": {
        "owner": "numtide",
        "repo": "flake-utils",
        "type": "github"
      }
    },
    "home-manager": {
      "inputs": {
        "nixpkgs": [
          "nixpkgs"
        ],
        "utils": "utils"
      },
      "locked": {
        "lastModified": 1679067101,
        "narHash": "sha256-tMI1inGT9u4KWQml0w30dhWqQPlth1e9K/68sfDkEQA=",
        "owner": "nix-community",
        "repo": "home-manager",
        "rev": "9154cd519a8942728038819682d6b3ff33f321bb",
        "type": "github"
      },
      "original": {
        "owner": "nix-community",
        "ref": "release-22.11",
        "repo": "home-manager",
        "type": "github"
      }
    },
    "nixos-hardware": {
      "locked": {
        "lastModified": 1679075297,
        "narHash": "sha256-8TwS7NPQWW9iPejBwWzmjLnK8bQhdOMPpsj3KPAL6x8=",
        "owner": "nixos",
        "repo": "nixos-hardware",
        "rev": "994584bb26ffa1deeaf56099601ef4bcc487273e",
        "type": "github"
      },
      "original": {
        "owner": "nixos",
        "ref": "master",
        "repo": "nixos-hardware",
        "type": "github"
      }
    },
    "nixpkgs": {
      "locked": {
        "lastModified": 1679139072,
        "narHash": "sha256-Gtw2Yj8DfETie3u7iHv1y5Wt+plGRmp6nTQ0EEfaPho=",
        "owner": "nixos",
        "repo": "nixpkgs",
        "rev": "08ef7dc8334521605a5c8b7086cc248e74ee338b",
        "type": "github"
      },
      "original": {
        "owner": "nixos",
        "ref": "nixos-22.11",
        "repo": "nixpkgs",
        "type": "github"
      }
    },
    "nixpkgs-stable": {
      "locked": {
        "lastModified": 1679163677,
        "narHash": "sha256-VC0tc3EjJZFPXgucFQAYMIHce5nJWYR0kVCk4TVg6gg=",
        "owner": "NixOS",
        "repo": "nixpkgs",
        "rev": "c3912035d00ef755ab19394488b41feab95d2e40",
        "type": "github"
      },
      "original": {
        "owner": "NixOS",
        "ref": "release-22.11",
        "repo": "nixpkgs",
        "type": "github"
      }
    },
    "nixpkgs-unstable": {
      "locked": {
        "lastModified": 1679081381,
        "narHash": "sha256-n4+SbrVohxbgbmOTkodfxc3d8W38OfKowD6YNA8j27o=",
        "owner": "nixos",
        "repo": "nixpkgs",
        "rev": "b573a7f69484a7d213680abb70b4f95bdc28eee5",
        "type": "github"
      },
      "original": {
        "owner": "nixos",
        "ref": "nixos-unstable",
        "repo": "nixpkgs",
        "type": "github"
      }
    },
    "root": {
      "inputs": {
        "dotfiles": "dotfiles",
        "flake-utils": "flake-utils",
        "home-manager": "home-manager",
        "nixos-hardware": "nixos-hardware",
        "nixpkgs": "nixpkgs",
        "nixpkgs-unstable": "nixpkgs-unstable",
        "sops-nix": "sops-nix"
      }
    },
    "sops-nix": {
      "inputs": {
        "nixpkgs": [
          "nixpkgs"
        ],
        "nixpkgs-stable": "nixpkgs-stable"
      },
      "locked": {
        "lastModified": 1679194991,
        "narHash": "sha256-SSJ/NvhXJeDzSgfEjKO1V/2olI4UlEAxK54DVWJIPjA=",
        "owner": "Mic92",
        "repo": "sops-nix",
        "rev": "08a0b5f25a73130869b3cc375eaf0e6ff317435e",
        "type": "github"
      },
      "original": {
        "owner": "Mic92",
        "repo": "sops-nix",
        "type": "github"
      }
    },
    "utils": {
      "locked": {
        "lastModified": 1667395993,
        "narHash": "sha256-nuEHfE/LcWyuSWnS8t12N1wc105Qtau+/OdUAjtQ0rA=",
        "owner": "numtide",
        "repo": "flake-utils",
        "rev": "5aed5285a952e0b949eb3ba02c12fa4fcfef535f",
        "type": "github"
      },
      "original": {
        "owner": "numtide",
        "repo": "flake-utils",
        "type": "github"
      }
    }
  },
  "root": "root",
  "version": 7
}
