{
  "nodes": {
    "dotfiles": {
      "inputs": {
        "flake-utils": [
          "flake-utils"
        ],
        "home-manager": [
          "home-manager"
        ],
        "nixpkgs": [
          "nixpkgs"
        ],
        "nixpkgs-unstable": [
          "nixpkgs-unstable"
        ]
      },
      "locked": {
        "lastModified": 1678535195,
        "narHash": "sha256-VtAnHXqe3dv4v6VCEewG/Qr9T6+DHYDBaKyiBy5BHDg=",
        "owner": "kinnison",
        "repo": "dotfiles",
        "rev": "220c56e453c8d8f8a134913558bbf537dce98de9",
        "type": "github"
      },
      "original": {
        "owner": "kinnison",
        "repo": "dotfiles",
        "type": "github"
      }
    },
    "flake-utils": {
      "locked": {
        "lastModified": 1676283394,
        "narHash": "sha256-XX2f9c3iySLCw54rJ/CZs+ZK6IQy7GXNY4nSOyu2QG4=",
        "owner": "numtide",
        "repo": "flake-utils",
        "rev": "3db36a8b464d0c4532ba1c7dda728f4576d6d073",
        "type": "github"
      },
      "original": {
        "owner": "numtide",
        "repo": "flake-utils",
        "type": "github"
      }
    },
    "home-manager": {
      "inputs": {
        "nixpkgs": [
          "nixpkgs"
        ],
        "utils": "utils"
      },
      "locked": {
        "lastModified": 1678285456,
        "narHash": "sha256-2rIk5OFGQmoFX1MWntKGPVCZvy5yQMX3ZCYz7i8+yb0=",
        "owner": "nix-community",
        "repo": "home-manager",
        "rev": "b0be47978de5cfd729a79c3f57ace4c86364ff45",
        "type": "github"
      },
      "original": {
        "owner": "nix-community",
        "ref": "release-22.11",
        "repo": "home-manager",
        "type": "github"
      }
    },
    "nixos-hardware": {
      "locked": {
        "lastModified": 1678397099,
        "narHash": "sha256-5xq8YJe+h19TlD+EI4AE/3H3jcCcQ2AWU6CWBVc5tRc=",
        "owner": "nixos",
        "repo": "nixos-hardware",
        "rev": "556101ff85bd6e20900ec73ee525b935154bc8ea",
        "type": "github"
      },
      "original": {
        "owner": "nixos",
        "ref": "master",
        "repo": "nixos-hardware",
        "type": "github"
      }
    },
    "nixpkgs": {
      "locked": {
        "lastModified": 1678426640,
        "narHash": "sha256-3Q4KN0XAXQT7YE3A8n3LzLtRNUCo0U++W3gl+5NhKHs=",
        "owner": "nixos",
        "repo": "nixpkgs",
        "rev": "824f886682fc893e6dbf27114e5001ebf2770ea1",
        "type": "github"
      },
      "original": {
        "owner": "nixos",
        "ref": "nixos-22.11",
        "repo": "nixpkgs",
        "type": "github"
      }
    },
    "nixpkgs-stable": {
      "locked": {
        "lastModified": 1677948530,
        "narHash": "sha256-BkQjq8AGHD55RJe4PUnrWRZZ8jS64p/k0bGDck5wKwY=",
        "owner": "NixOS",
        "repo": "nixpkgs",
        "rev": "d51554151a91cd4543a7620843cc378e3cbc767e",
        "type": "github"
      },
      "original": {
        "owner": "NixOS",
        "ref": "release-22.11",
        "repo": "nixpkgs",
        "type": "github"
      }
    },
    "nixpkgs-unstable": {
      "locked": {
        "lastModified": 1678470307,
        "narHash": "sha256-OEeMUr3ueLIXyW/OaFUX5jUdimyQwMg/7e+/Q0gC/QE=",
        "owner": "nixos",
        "repo": "nixpkgs",
        "rev": "0c4800d579af4ed98ecc47d464a5e7b0870c4b1f",
        "type": "github"
      },
      "original": {
        "owner": "nixos",
        "ref": "nixos-unstable",
        "repo": "nixpkgs",
        "type": "github"
      }
    },
    "root": {
      "inputs": {
        "dotfiles": "dotfiles",
        "flake-utils": "flake-utils",
        "home-manager": "home-manager",
        "nixos-hardware": "nixos-hardware",
        "nixpkgs": "nixpkgs",
        "nixpkgs-unstable": "nixpkgs-unstable",
        "sops-nix": "sops-nix"
      }
    },
    "sops-nix": {
      "inputs": {
        "nixpkgs": [
          "nixpkgs"
        ],
        "nixpkgs-stable": "nixpkgs-stable"
      },
      "locked": {
        "lastModified": 1678440572,
        "narHash": "sha256-zfL09Yy6H7QQwfacCPL0gOfWpVkTbE5jXJh5oZmGf8g=",
        "owner": "Mic92",
        "repo": "sops-nix",
        "rev": "1568702de0d2488c1e77011a9044de7fadec80c4",
        "type": "github"
      },
      "original": {
        "owner": "Mic92",
        "repo": "sops-nix",
        "type": "github"
      }
    },
    "utils": {
      "locked": {
        "lastModified": 1667395993,
        "narHash": "sha256-nuEHfE/LcWyuSWnS8t12N1wc105Qtau+/OdUAjtQ0rA=",
        "owner": "numtide",
        "repo": "flake-utils",
        "rev": "5aed5285a952e0b949eb3ba02c12fa4fcfef535f",
        "type": "github"
      },
      "original": {
        "owner": "numtide",
        "repo": "flake-utils",
        "type": "github"
      }
    }
  },
  "root": "root",
  "version": 7
}
